
Microsoft Visual Studio Solution File, Format Version 10.00
# Visual Studio 2008
Project("{FAE04EC0-301F-11D3-BF4B-00C04F79EFBC}") = "SigScanEditor", "SigScanEditor\SigScanEditor.csproj", "{2E00B4AB-933F-4BE4-9751-D2B0D09A3765}"
EndProject
Project("{FAE04EC0-301F-11D3-BF4B-00C04F79EFBC}") = "SigScanLib", "SigScanLib\SigScanLib.csproj", "{C06A3125-B457-41B4-87EC-78BDED28BC68}"
EndProject
Global
	GlobalSection(SolutionConfigurationPlatforms) = preSolution
		Debug|Any CPU = Debug|Any CPU
		Release|Any CPU = Release|Any CPU
	EndGlobalSection
	GlobalSection(ProjectConfigurationPlatforms) = postSolution
		{2E00B4AB-933F-4BE4-9751-D2B0D09A3765}.Debug|Any CPU.ActiveCfg = Debug|Any CPU
		{2E00B4AB-933F-4BE4-9751-D2B0D09A3765}.Debug|Any CPU.Build.0 = Debug|Any CPU
		{2E00B4AB-933F-4BE4-9751-D2B0D09A3765}.Release|Any CPU.ActiveCfg = Release|Any CPU
		{2E00B4AB-933F-4BE4-9751-D2B0D09A3765}.Release|Any CPU.Build.0 = Release|Any CPU
		{C06A3125-B457-41B4-87EC-78BDED28BC68}.Debug|Any CPU.ActiveCfg = Debug|Any CPU
		{C06A3125-B457-41B4-87EC-78BDED28BC68}.Debug|Any CPU.Build.0 = Debug|Any CPU
		{C06A3125-B457-41B4-87EC-78BDED28BC68}.Release|Any CPU.ActiveCfg = Release|Any CPU
		{C06A3125-B457-41B4-87EC-78BDED28BC68}.Release|Any CPU.Build.0 = Release|Any CPU
	EndGlobalSection
	GlobalSection(SolutionProperties) = preSolution
		HideSolutionNode = FALSE
	EndGlobalSection
EndGlobal
